// !$*UTF8*$!
{
	archiveVersion = 1;
	classes = {
	};
	objectVersion = 56;
	objects = {

/* Begin PBXBuildFile section */
		152433472DAED68500BAC2EC /* FoodCategoryCollectionViewCell.swift in Sources */ = {isa = PBXBuildFile; fileRef = 152433462DAED68500BAC2EC /* FoodCategoryCollectionViewCell.swift */; };
		155EF9D82DB1231600CEFCB9 /* FilterHeaderView.swift in Sources */ = {isa = PBXBuildFile; fileRef = 155EF9D72DB1231600CEFCB9 /* FilterHeaderView.swift */; };
		155EF9DA2DB134C600CEFCB9 /* SeactionDecorationView.swift in Sources */ = {isa = PBXBuildFile; fileRef = 155EF9D92DB134C600CEFCB9 /* SeactionDecorationView.swift */; };
		155EF9DC2DB137D600CEFCB9 /* DividerFooterView.swift in Sources */ = {isa = PBXBuildFile; fileRef = 155EF9DB2DB137D600CEFCB9 /* DividerFooterView.swift */; };
		155EF9DF2DB139BF00CEFCB9 /* FoodViewController +EXT.swift in Sources */ = {isa = PBXBuildFile; fileRef = 155EF9DE2DB139BF00CEFCB9 /* FoodViewController +EXT.swift */; };
		155EF9E12DB13E9000CEFCB9 /* RestuarntVeganCollectionViewCell.swift in Sources */ = {isa = PBXBuildFile; fileRef = 155EF9E02DB13E9000CEFCB9 /* RestuarntVeganCollectionViewCell.swift */; };
		155EF9E32DB141AB00CEFCB9 /* RestaurantVeganModel.swift in Sources */ = {isa = PBXBuildFile; fileRef = 155EF9E22DB141AB00CEFCB9 /* RestaurantVeganModel.swift */; };
		155EF9E62DB154EC00CEFCB9 /* VeganHeaderView.swift in Sources */ = {isa = PBXBuildFile; fileRef = 155EF9E52DB154EC00CEFCB9 /* VeganHeaderView.swift */; };
		155EF9E82DB159DA00CEFCB9 /* UIImageView+EXT.swift in Sources */ = {isa = PBXBuildFile; fileRef = 155EF9E72DB159DA00CEFCB9 /* UIImageView+EXT.swift */; };
		155EF9EA2DB15D1800CEFCB9 /* UICollectionView+EXT.swift in Sources */ = {isa = PBXBuildFile; fileRef = 155EF9E92DB15D1800CEFCB9 /* UICollectionView+EXT.swift */; };
		155EF9ED2DB1619D00CEFCB9 /* UICollectionViewCell+Protocol.swift in Sources */ = {isa = PBXBuildFile; fileRef = 155EF9EC2DB1619D00CEFCB9 /* UICollectionViewCell+Protocol.swift */; };
		155EF9EF2DB1630500CEFCB9 /* BaseCollectionViewCell.swift in Sources */ = {isa = PBXBuildFile; fileRef = 155EF9EE2DB1630500CEFCB9 /* BaseCollectionViewCell.swift */; };
		157170652DABFEE70074A696 /* done.jpg in Resources */ = {isa = PBXBuildFile; fileRef = 157170642DABFEE70074A696 /* done.jpg */; };
		157170682DAC23170074A696 /* FoodViewController.swift in Sources */ = {isa = PBXBuildFile; fileRef = 157170672DAC23170074A696 /* FoodViewController.swift */; };
		158A1CE92DAD690100267AF0 /* UIButon+EXT.swift in Sources */ = {isa = PBXBuildFile; fileRef = 158A1CE82DAD690100267AF0 /* UIButon+EXT.swift */; };
		158A1CEC2DAD6C7D00267AF0 /* UIView + EXT.swift in Sources */ = {isa = PBXBuildFile; fileRef = 158A1CEB2DAD6C7D00267AF0 /* UIView + EXT.swift */; };
		158A1CF12DAD6F5500267AF0 /* SectionDecorationView.swift in Sources */ = {isa = PBXBuildFile; fileRef = 158A1CF02DAD6F5500267AF0 /* SectionDecorationView.swift */; };
		158A1CF42DAD6FC000267AF0 /* AppLayouts.swift in Sources */ = {isa = PBXBuildFile; fileRef = 158A1CF32DAD6FC000267AF0 /* AppLayouts.swift */; };
		158A1CF62DAD727C00267AF0 /* FoodTopBannerModel.swift in Sources */ = {isa = PBXBuildFile; fileRef = 158A1CF52DAD727C00267AF0 /* FoodTopBannerModel.swift */; };
		158A1CFA2DAD72FE00267AF0 /* FoodTopBannerCollectionViewCell.swift in Sources */ = {isa = PBXBuildFile; fileRef = 158A1CF92DAD72FE00267AF0 /* FoodTopBannerCollectionViewCell.swift */; };
		159BA2542DA7C78800C4BDEB /* AppDelegate.swift in Sources */ = {isa = PBXBuildFile; fileRef = 159BA2532DA7C78800C4BDEB /* AppDelegate.swift */; };
		159BA2562DA7C78800C4BDEB /* SceneDelegate.swift in Sources */ = {isa = PBXBuildFile; fileRef = 159BA2552DA7C78800C4BDEB /* SceneDelegate.swift */; };
		159BA2582DA7C78800C4BDEB /* ViewController.swift in Sources */ = {isa = PBXBuildFile; fileRef = 159BA2572DA7C78800C4BDEB /* ViewController.swift */; };
		159BA25D2DA7C78A00C4BDEB /* Assets.xcassets in Resources */ = {isa = PBXBuildFile; fileRef = 159BA25C2DA7C78A00C4BDEB /* Assets.xcassets */; };
		15B0C1FA2DAFEC8D00C5D9D1 /* FoodCategoryModel.swift in Sources */ = {isa = PBXBuildFile; fileRef = 15B0C1F92DAFEC8D00C5D9D1 /* FoodCategoryModel.swift */; };
		15B0C1FC2DB0104000C5D9D1 /* RestaurantListCollectionViewCell.swift in Sources */ = {isa = PBXBuildFile; fileRef = 15B0C1FB2DB0104000C5D9D1 /* RestaurantListCollectionViewCell.swift */; };
		15B0C1FF2DB0115700C5D9D1 /* RestaurantListModel.swift in Sources */ = {isa = PBXBuildFile; fileRef = 15B0C1FE2DB0115700C5D9D1 /* RestaurantListModel.swift */; };
/* End PBXBuildFile section */

/* Begin PBXFileReference section */
		152433462DAED68500BAC2EC /* FoodCategoryCollectionViewCell.swift */ = {isa = PBXFileReference; lastKnownFileType = sourcecode.swift; path = FoodCategoryCollectionViewCell.swift; sourceTree = "<group>"; };
		155EF9D72DB1231600CEFCB9 /* FilterHeaderView.swift */ = {isa = PBXFileReference; lastKnownFileType = sourcecode.swift; path = FilterHeaderView.swift; sourceTree = "<group>"; };
		155EF9D92DB134C600CEFCB9 /* SeactionDecorationView.swift */ = {isa = PBXFileReference; lastKnownFileType = sourcecode.swift; path = SeactionDecorationView.swift; sourceTree = "<group>"; };
		155EF9DB2DB137D600CEFCB9 /* DividerFooterView.swift */ = {isa = PBXFileReference; lastKnownFileType = sourcecode.swift; path = DividerFooterView.swift; sourceTree = "<group>"; };
		155EF9DE2DB139BF00CEFCB9 /* FoodViewController +EXT.swift */ = {isa = PBXFileReference; lastKnownFileType = sourcecode.swift; path = "FoodViewController +EXT.swift"; sourceTree = "<group>"; };
		155EF9E02DB13E9000CEFCB9 /* RestuarntVeganCollectionViewCell.swift */ = {isa = PBXFileReference; lastKnownFileType = sourcecode.swift; path = RestuarntVeganCollectionViewCell.swift; sourceTree = "<group>"; };
		155EF9E22DB141AB00CEFCB9 /* RestaurantVeganModel.swift */ = {isa = PBXFileReference; lastKnownFileType = sourcecode.swift; path = RestaurantVeganModel.swift; sourceTree = "<group>"; };
		155EF9E52DB154EC00CEFCB9 /* VeganHeaderView.swift */ = {isa = PBXFileReference; lastKnownFileType = sourcecode.swift; path = VeganHeaderView.swift; sourceTree = "<group>"; };
		155EF9E72DB159DA00CEFCB9 /* UIImageView+EXT.swift */ = {isa = PBXFileReference; lastKnownFileType = sourcecode.swift; path = "UIImageView+EXT.swift"; sourceTree = "<group>"; };
		155EF9E92DB15D1800CEFCB9 /* UICollectionView+EXT.swift */ = {isa = PBXFileReference; lastKnownFileType = sourcecode.swift; path = "UICollectionView+EXT.swift"; sourceTree = "<group>"; };
		155EF9EC2DB1619D00CEFCB9 /* UICollectionViewCell+Protocol.swift */ = {isa = PBXFileReference; lastKnownFileType = sourcecode.swift; path = "UICollectionViewCell+Protocol.swift"; sourceTree = "<group>"; };
		155EF9EE2DB1630500CEFCB9 /* BaseCollectionViewCell.swift */ = {isa = PBXFileReference; lastKnownFileType = sourcecode.swift; path = BaseCollectionViewCell.swift; sourceTree = "<group>"; };
		157170642DABFEE70074A696 /* done.jpg */ = {isa = PBXFileReference; lastKnownFileType = image.jpeg; path = done.jpg; sourceTree = "<group>"; };
		157170672DAC23170074A696 /* FoodViewController.swift */ = {isa = PBXFileReference; lastKnownFileType = sourcecode.swift; path = FoodViewController.swift; sourceTree = "<group>"; };
		158A1CE82DAD690100267AF0 /* UIButon+EXT.swift */ = {isa = PBXFileReference; lastKnownFileType = sourcecode.swift; path = "UIButon+EXT.swift"; sourceTree = "<group>"; };
		158A1CEB2DAD6C7D00267AF0 /* UIView + EXT.swift */ = {isa = PBXFileReference; lastKnownFileType = sourcecode.swift; path = "UIView + EXT.swift"; sourceTree = "<group>"; };
		158A1CF02DAD6F5500267AF0 /* SectionDecorationView.swift */ = {isa = PBXFileReference; lastKnownFileType = sourcecode.swift; path = SectionDecorationView.swift; sourceTree = "<group>"; };
		158A1CF32DAD6FC000267AF0 /* AppLayouts.swift */ = {isa = PBXFileReference; lastKnownFileType = sourcecode.swift; path = AppLayouts.swift; sourceTree = "<group>"; };
		158A1CF52DAD727C00267AF0 /* FoodTopBannerModel.swift */ = {isa = PBXFileReference; lastKnownFileType = sourcecode.swift; path = FoodTopBannerModel.swift; sourceTree = "<group>"; };
		158A1CF92DAD72FE00267AF0 /* FoodTopBannerCollectionViewCell.swift */ = {isa = PBXFileReference; lastKnownFileType = sourcecode.swift; path = FoodTopBannerCollectionViewCell.swift; sourceTree = "<group>"; };
		159BA2502DA7C78800C4BDEB /* Ios Resourses.app */ = {isa = PBXFileReference; explicitFileType = wrapper.application; includeInIndex = 0; path = "Ios Resourses.app"; sourceTree = BUILT_PRODUCTS_DIR; };
		159BA2532DA7C78800C4BDEB /* AppDelegate.swift */ = {isa = PBXFileReference; lastKnownFileType = sourcecode.swift; path = AppDelegate.swift; sourceTree = "<group>"; };
		159BA2552DA7C78800C4BDEB /* SceneDelegate.swift */ = {isa = PBXFileReference; lastKnownFileType = sourcecode.swift; path = SceneDelegate.swift; sourceTree = "<group>"; };
		159BA2572DA7C78800C4BDEB /* ViewController.swift */ = {isa = PBXFileReference; lastKnownFileType = sourcecode.swift; path = ViewController.swift; sourceTree = "<group>"; };
		159BA25C2DA7C78A00C4BDEB /* Assets.xcassets */ = {isa = PBXFileReference; lastKnownFileType = folder.assetcatalog; path = Assets.xcassets; sourceTree = "<group>"; };
		159BA2612DA7C78A00C4BDEB /* Info.plist */ = {isa = PBXFileReference; lastKnownFileType = text.plist.xml; path = Info.plist; sourceTree = "<group>"; };
		15B0C1F92DAFEC8D00C5D9D1 /* FoodCategoryModel.swift */ = {isa = PBXFileReference; lastKnownFileType = sourcecode.swift; path = FoodCategoryModel.swift; sourceTree = "<group>"; };
		15B0C1FB2DB0104000C5D9D1 /* RestaurantListCollectionViewCell.swift */ = {isa = PBXFileReference; lastKnownFileType = sourcecode.swift; path = RestaurantListCollectionViewCell.swift; sourceTree = "<group>"; };
		15B0C1FE2DB0115700C5D9D1 /* RestaurantListModel.swift */ = {isa = PBXFileReference; lastKnownFileType = sourcecode.swift; path = RestaurantListModel.swift; sourceTree = "<group>"; };
/* End PBXFileReference section */

/* Begin PBXFrameworksBuildPhase section */
		159BA24D2DA7C78800C4BDEB /* Frameworks */ = {
			isa = PBXFrameworksBuildPhase;
			buildActionMask = 2147483647;
			files = (
			);
			runOnlyForDeploymentPostprocessing = 0;
		};
/* End PBXFrameworksBuildPhase section */

/* Begin PBXGroup section */
		150015BB2DABC43500674223 /* Local notification */ = {
			isa = PBXGroup;
			children = (
				159BA2572DA7C78800C4BDEB /* ViewController.swift */,
			);
			path = "Local notification";
			sourceTree = "<group>";
		};
		150015BC2DABC44300674223 /* Support */ = {
			isa = PBXGroup;
			children = (
				159BA2532DA7C78800C4BDEB /* AppDelegate.swift */,
				159BA2552DA7C78800C4BDEB /* SceneDelegate.swift */,
				159BA25C2DA7C78A00C4BDEB /* Assets.xcassets */,
			);
			path = Support;
			sourceTree = "<group>";
		};
		155EF9EB2DB1616100CEFCB9 /* protocols  */ = {
			isa = PBXGroup;
			children = (
				155EF9EC2DB1619D00CEFCB9 /* UICollectionViewCell+Protocol.swift */,
			);
			name = "protocols ";
			sourceTree = "<group>";
		};
		157170662DAC22B00074A696 /* CompositionalLayout */ = {
			isa = PBXGroup;
			children = (
				155EF9EB2DB1616100CEFCB9 /* protocols  */,
				158A1CF22DAD6F9E00267AF0 /* Model */,
				158A1CEE2DAD6F2B00267AF0 /* View */,
				158A1CED2DAD6CCC00267AF0 /* Controllers */,
				158A1CEA2DAD6C6B00267AF0 /* Extensions */,
			);
			path = CompositionalLayout;
			sourceTree = "<group>";
		};
		158A1CEA2DAD6C6B00267AF0 /* Extensions */ = {
			isa = PBXGroup;
			children = (
				158A1CE82DAD690100267AF0 /* UIButon+EXT.swift */,
				158A1CEB2DAD6C7D00267AF0 /* UIView + EXT.swift */,
				155EF9E72DB159DA00CEFCB9 /* UIImageView+EXT.swift */,
				155EF9E92DB15D1800CEFCB9 /* UICollectionView+EXT.swift */,
			);
			path = Extensions;
			sourceTree = "<group>";
		};
		158A1CED2DAD6CCC00267AF0 /* Controllers */ = {
			isa = PBXGroup;
			children = (
				157170672DAC23170074A696 /* FoodViewController.swift */,
				155EF9DE2DB139BF00CEFCB9 /* FoodViewController +EXT.swift */,
			);
			path = Controllers;
			sourceTree = "<group>";
		};
		158A1CEE2DAD6F2B00267AF0 /* View */ = {
			isa = PBXGroup;
			children = (
				158A1CF72DAD72EC00267AF0 /* Cell */,
				158A1CEF2DAD6F3000267AF0 /* Header */,
			);
			path = View;
			sourceTree = "<group>";
		};
		158A1CEF2DAD6F3000267AF0 /* Header */ = {
			isa = PBXGroup;
			children = (
				158A1CF02DAD6F5500267AF0 /* SectionDecorationView.swift */,
				155EF9D72DB1231600CEFCB9 /* FilterHeaderView.swift */,
				155EF9D92DB134C600CEFCB9 /* SeactionDecorationView.swift */,
				155EF9DB2DB137D600CEFCB9 /* DividerFooterView.swift */,
				155EF9E52DB154EC00CEFCB9 /* VeganHeaderView.swift */,
			);
			path = Header;
			sourceTree = "<group>";
		};
		158A1CF22DAD6F9E00267AF0 /* Model */ = {
			isa = PBXGroup;
			children = (
				158A1CF32DAD6FC000267AF0 /* AppLayouts.swift */,
				158A1CF52DAD727C00267AF0 /* FoodTopBannerModel.swift */,
				15B0C1F92DAFEC8D00C5D9D1 /* FoodCategoryModel.swift */,
				15B0C1FE2DB0115700C5D9D1 /* RestaurantListModel.swift */,
				155EF9E22DB141AB00CEFCB9 /* RestaurantVeganModel.swift */,
			);
			path = Model;
			sourceTree = "<group>";
		};
		158A1CF72DAD72EC00267AF0 /* Cell */ = {
			isa = PBXGroup;
			children = (
				155EF9EE2DB1630500CEFCB9 /* BaseCollectionViewCell.swift */,
				158A1CF92DAD72FE00267AF0 /* FoodTopBannerCollectionViewCell.swift */,
				152433462DAED68500BAC2EC /* FoodCategoryCollectionViewCell.swift */,
				15B0C1FB2DB0104000C5D9D1 /* RestaurantListCollectionViewCell.swift */,
				155EF9E02DB13E9000CEFCB9 /* RestuarntVeganCollectionViewCell.swift */,
			);
			path = Cell;
			sourceTree = "<group>";
		};
		159BA2472DA7C78800C4BDEB = {
			isa = PBXGroup;
			children = (
				159BA2522DA7C78800C4BDEB /* Ios Resourses */,
				159BA2512DA7C78800C4BDEB /* Products */,
			);
			sourceTree = "<group>";
		};
		159BA2512DA7C78800C4BDEB /* Products */ = {
			isa = PBXGroup;
			children = (
				159BA2502DA7C78800C4BDEB /* Ios Resourses.app */,
			);
			name = Products;
			sourceTree = "<group>";
		};
		159BA2522DA7C78800C4BDEB /* Ios Resourses */ = {
			isa = PBXGroup;
			children = (
				157170662DAC22B00074A696 /* CompositionalLayout */,
				150015BB2DABC43500674223 /* Local notification */,
				150015BC2DABC44300674223 /* Support */,
				159BA2612DA7C78A00C4BDEB /* Info.plist */,
				157170642DABFEE70074A696 /* done.jpg */,
			);
			path = "Ios Resourses";
			sourceTree = "<group>";
		};
/* End PBXGroup section */

/* Begin PBXNativeTarget section */
		159BA24F2DA7C78800C4BDEB /* Ios Resourses */ = {
			isa = PBXNativeTarget;
			buildConfigurationList = 159BA2642DA7C78A00C4BDEB /* Build configuration list for PBXNativeTarget "Ios Resourses" */;
			buildPhases = (
				159BA24C2DA7C78800C4BDEB /* Sources */,
				159BA24D2DA7C78800C4BDEB /* Frameworks */,
				159BA24E2DA7C78800C4BDEB /* Resources */,
			);
			buildRules = (
			);
			dependencies = (
			);
			name = "Ios Resourses";
			productName = "Ios Resourses";
			productReference = 159BA2502DA7C78800C4BDEB /* Ios Resourses.app */;
			productType = "com.apple.product-type.application";
		};
/* End PBXNativeTarget section */

/* Begin PBXProject section */
		159BA2482DA7C78800C4BDEB /* Project object */ = {
			isa = PBXProject;
			attributes = {
				BuildIndependentTargetsInParallel = 1;
				LastSwiftUpdateCheck = 1540;
				LastUpgradeCheck = 1540;
				TargetAttributes = {
					159BA24F2DA7C78800C4BDEB = {
						CreatedOnToolsVersion = 15.4;
					};
				};
			};
			buildConfigurationList = 159BA24B2DA7C78800C4BDEB /* Build configuration list for PBXProject "Ios Resourses" */;
			compatibilityVersion = "Xcode 14.0";
			developmentRegion = en;
			hasScannedForEncodings = 0;
			knownRegions = (
				en,
				Base,
			);
			mainGroup = 159BA2472DA7C78800C4BDEB;
			productRefGroup = 159BA2512DA7C78800C4BDEB /* Products */;
			projectDirPath = "";
			projectRoot = "";
			targets = (
				159BA24F2DA7C78800C4BDEB /* Ios Resourses */,
			);
		};
/* End PBXProject section */

/* Begin PBXResourcesBuildPhase section */
		159BA24E2DA7C78800C4BDEB /* Resources */ = {
			isa = PBXResourcesBuildPhase;
			buildActionMask = 2147483647;
			files = (
				159BA25D2DA7C78A00C4BDEB /* Assets.xcassets in Resources */,
				157170652DABFEE70074A696 /* done.jpg in Resources */,
			);
			runOnlyForDeploymentPostprocessing = 0;
		};
/* End PBXResourcesBuildPhase section */

/* Begin PBXSourcesBuildPhase section */
		159BA24C2DA7C78800C4BDEB /* Sources */ = {
			isa = PBXSourcesBuildPhase;
			buildActionMask = 2147483647;
			files = (
				155EF9ED2DB1619D00CEFCB9 /* UICollectionViewCell+Protocol.swift in Sources */,
				155EF9DA2DB134C600CEFCB9 /* SeactionDecorationView.swift in Sources */,
				15B0C1FF2DB0115700C5D9D1 /* RestaurantListModel.swift in Sources */,
				155EF9D82DB1231600CEFCB9 /* FilterHeaderView.swift in Sources */,
				155EF9E12DB13E9000CEFCB9 /* RestuarntVeganCollectionViewCell.swift in Sources */,
				158A1CFA2DAD72FE00267AF0 /* FoodTopBannerCollectionViewCell.swift in Sources */,
				158A1CEC2DAD6C7D00267AF0 /* UIView + EXT.swift in Sources */,
				155EF9E82DB159DA00CEFCB9 /* UIImageView+EXT.swift in Sources */,
				155EF9DF2DB139BF00CEFCB9 /* FoodViewController +EXT.swift in Sources */,
				157170682DAC23170074A696 /* FoodViewController.swift in Sources */,
				158A1CE92DAD690100267AF0 /* UIButon+EXT.swift in Sources */,
				155EF9DC2DB137D600CEFCB9 /* DividerFooterView.swift in Sources */,
				155EF9E62DB154EC00CEFCB9 /* VeganHeaderView.swift in Sources */,
				155EF9EA2DB15D1800CEFCB9 /* UICollectionView+EXT.swift in Sources */,
				158A1CF12DAD6F5500267AF0 /* SectionDecorationView.swift in Sources */,
				155EF9EF2DB1630500CEFCB9 /* BaseCollectionViewCell.swift in Sources */,
				159BA2582DA7C78800C4BDEB /* ViewController.swift in Sources */,
				158A1CF62DAD727C00267AF0 /* FoodTopBannerModel.swift in Sources */,
				152433472DAED68500BAC2EC /* FoodCategoryCollectionViewCell.swift in Sources */,
				158A1CF42DAD6FC000267AF0 /* AppLayouts.swift in Sources */,
				15B0C1FA2DAFEC8D00C5D9D1 /* FoodCategoryModel.swift in Sources */,
				155EF9E32DB141AB00CEFCB9 /* RestaurantVeganModel.swift in Sources */,
				15B0C1FC2DB0104000C5D9D1 /* RestaurantListCollectionViewCell.swift in Sources */,
				159BA2542DA7C78800C4BDEB /* AppDelegate.swift in Sources */,
				159BA2562DA7C78800C4BDEB /* SceneDelegate.swift in Sources */,
			);
			runOnlyForDeploymentPostprocessing = 0;
		};
/* End PBXSourcesBuildPhase section */

/* Begin XCBuildConfiguration section */
		159BA2622DA7C78A00C4BDEB /* Debug */ = {
			isa = XCBuildConfiguration;
			buildSettings = {
				ALWAYS_SEARCH_USER_PATHS = NO;
				ASSETCATALOG_COMPILER_GENERATE_SWIFT_ASSET_SYMBOL_EXTENSIONS = YES;
				CLANG_ANALYZER_NONNULL = YES;
				CLANG_ANALYZER_NUMBER_OBJECT_CONVERSION = YES_AGGRESSIVE;
				CLANG_CXX_LANGUAGE_STANDARD = "gnu++20";
				CLANG_ENABLE_MODULES = YES;
				CLANG_ENABLE_OBJC_ARC = YES;
				CLANG_ENABLE_OBJC_WEAK = YES;
				CLANG_WARN_BLOCK_CAPTURE_AUTORELEASING = YES;
				CLANG_WARN_BOOL_CONVERSION = YES;
				CLANG_WARN_COMMA = YES;
				CLANG_WARN_CONSTANT_CONVERSION = YES;
				CLANG_WARN_DEPRECATED_OBJC_IMPLEMENTATIONS = YES;
				CLANG_WARN_DIRECT_OBJC_ISA_USAGE = YES_ERROR;
				CLANG_WARN_DOCUMENTATION_COMMENTS = YES;
				CLANG_WARN_EMPTY_BODY = YES;
				CLANG_WARN_ENUM_CONVERSION = YES;
				CLANG_WARN_INFINITE_RECURSION = YES;
				CLANG_WARN_INT_CONVERSION = YES;
				CLANG_WARN_NON_LITERAL_NULL_CONVERSION = YES;
				CLANG_WARN_OBJC_IMPLICIT_RETAIN_SELF = YES;
				CLANG_WARN_OBJC_LITERAL_CONVERSION = YES;
				CLANG_WARN_OBJC_ROOT_CLASS = YES_ERROR;
				CLANG_WARN_QUOTED_INCLUDE_IN_FRAMEWORK_HEADER = YES;
				CLANG_WARN_RANGE_LOOP_ANALYSIS = YES;
				CLANG_WARN_STRICT_PROTOTYPES = YES;
				CLANG_WARN_SUSPICIOUS_MOVE = YES;
				CLANG_WARN_UNGUARDED_AVAILABILITY = YES_AGGRESSIVE;
				CLANG_WARN_UNREACHABLE_CODE = YES;
				CLANG_WARN__DUPLICATE_METHOD_MATCH = YES;
				COPY_PHASE_STRIP = NO;
				DEBUG_INFORMATION_FORMAT = dwarf;
				ENABLE_STRICT_OBJC_MSGSEND = YES;
				ENABLE_TESTABILITY = YES;
				ENABLE_USER_SCRIPT_SANDBOXING = YES;
				GCC_C_LANGUAGE_STANDARD = gnu17;
				GCC_DYNAMIC_NO_PIC = NO;
				GCC_NO_COMMON_BLOCKS = YES;
				GCC_OPTIMIZATION_LEVEL = 0;
				GCC_PREPROCESSOR_DEFINITIONS = (
					"DEBUG=1",
					"$(inherited)",
				);
				GCC_WARN_64_TO_32_BIT_CONVERSION = YES;
				GCC_WARN_ABOUT_RETURN_TYPE = YES_ERROR;
				GCC_WARN_UNDECLARED_SELECTOR = YES;
				GCC_WARN_UNINITIALIZED_AUTOS = YES_AGGRESSIVE;
				GCC_WARN_UNUSED_FUNCTION = YES;
				GCC_WARN_UNUSED_VARIABLE = YES;
				IPHONEOS_DEPLOYMENT_TARGET = 17.5;
				LOCALIZATION_PREFERS_STRING_CATALOGS = YES;
				MTL_ENABLE_DEBUG_INFO = INCLUDE_SOURCE;
				MTL_FAST_MATH = YES;
				ONLY_ACTIVE_ARCH = YES;
				SDKROOT = iphoneos;
				SWIFT_ACTIVE_COMPILATION_CONDITIONS = "DEBUG $(inherited)";
				SWIFT_OPTIMIZATION_LEVEL = "-Onone";
			};
			name = Debug;
		};
		159BA2632DA7C78A00C4BDEB /* Release */ = {
			isa = XCBuildConfiguration;
			buildSettings = {
				ALWAYS_SEARCH_USER_PATHS = NO;
				ASSETCATALOG_COMPILER_GENERATE_SWIFT_ASSET_SYMBOL_EXTENSIONS = YES;
				CLANG_ANALYZER_NONNULL = YES;
				CLANG_ANALYZER_NUMBER_OBJECT_CONVERSION = YES_AGGRESSIVE;
				CLANG_CXX_LANGUAGE_STANDARD = "gnu++20";
				CLANG_ENABLE_MODULES = YES;
				CLANG_ENABLE_OBJC_ARC = YES;
				CLANG_ENABLE_OBJC_WEAK = YES;
				CLANG_WARN_BLOCK_CAPTURE_AUTORELEASING = YES;
				CLANG_WARN_BOOL_CONVERSION = YES;
				CLANG_WARN_COMMA = YES;
				CLANG_WARN_CONSTANT_CONVERSION = YES;
				CLANG_WARN_DEPRECATED_OBJC_IMPLEMENTATIONS = YES;
				CLANG_WARN_DIRECT_OBJC_ISA_USAGE = YES_ERROR;
				CLANG_WARN_DOCUMENTATION_COMMENTS = YES;
				CLANG_WARN_EMPTY_BODY = YES;
				CLANG_WARN_ENUM_CONVERSION = YES;
				CLANG_WARN_INFINITE_RECURSION = YES;
				CLANG_WARN_INT_CONVERSION = YES;
				CLANG_WARN_NON_LITERAL_NULL_CONVERSION = YES;
				CLANG_WARN_OBJC_IMPLICIT_RETAIN_SELF = YES;
				CLANG_WARN_OBJC_LITERAL_CONVERSION = YES;
				CLANG_WARN_OBJC_ROOT_CLASS = YES_ERROR;
				CLANG_WARN_QUOTED_INCLUDE_IN_FRAMEWORK_HEADER = YES;
				CLANG_WARN_RANGE_LOOP_ANALYSIS = YES;
				CLANG_WARN_STRICT_PROTOTYPES = YES;
				CLANG_WARN_SUSPICIOUS_MOVE = YES;
				CLANG_WARN_UNGUARDED_AVAILABILITY = YES_AGGRESSIVE;
				CLANG_WARN_UNREACHABLE_CODE = YES;
				CLANG_WARN__DUPLICATE_METHOD_MATCH = YES;
				COPY_PHASE_STRIP = NO;
				DEBUG_INFORMATION_FORMAT = "dwarf-with-dsym";
				ENABLE_NS_ASSERTIONS = NO;
				ENABLE_STRICT_OBJC_MSGSEND = YES;
				ENABLE_USER_SCRIPT_SANDBOXING = YES;
				GCC_C_LANGUAGE_STANDARD = gnu17;
				GCC_NO_COMMON_BLOCKS = YES;
				GCC_WARN_64_TO_32_BIT_CONVERSION = YES;
				GCC_WARN_ABOUT_RETURN_TYPE = YES_ERROR;
				GCC_WARN_UNDECLARED_SELECTOR = YES;
				GCC_WARN_UNINITIALIZED_AUTOS = YES_AGGRESSIVE;
				GCC_WARN_UNUSED_FUNCTION = YES;
				GCC_WARN_UNUSED_VARIABLE = YES;
				IPHONEOS_DEPLOYMENT_TARGET = 17.5;
				LOCALIZATION_PREFERS_STRING_CATALOGS = YES;
				MTL_ENABLE_DEBUG_INFO = NO;
				MTL_FAST_MATH = YES;
				SDKROOT = iphoneos;
				SWIFT_COMPILATION_MODE = wholemodule;
				VALIDATE_PRODUCT = YES;
			};
			name = Release;
		};
		159BA2652DA7C78A00C4BDEB /* Debug */ = {
			isa = XCBuildConfiguration;
			buildSettings = {
				ASSETCATALOG_COMPILER_APPICON_NAME = AppIcon;
				ASSETCATALOG_COMPILER_GLOBAL_ACCENT_COLOR_NAME = AccentColor;
				CODE_SIGN_STYLE = Automatic;
				CURRENT_PROJECT_VERSION = 1;
				DEVELOPMENT_TEAM = 88966CQ476;
				GENERATE_INFOPLIST_FILE = YES;
				INFOPLIST_FILE = "Ios Resourses/Info.plist";
				INFOPLIST_KEY_UIApplicationSupportsIndirectInputEvents = YES;
				INFOPLIST_KEY_UILaunchStoryboardName = LaunchScreen;
				INFOPLIST_KEY_UISupportedInterfaceOrientations_iPad = "UIInterfaceOrientationPortrait UIInterfaceOrientationPortraitUpsideDown UIInterfaceOrientationLandscapeLeft UIInterfaceOrientationLandscapeRight";
				INFOPLIST_KEY_UISupportedInterfaceOrientations_iPhone = "UIInterfaceOrientationPortrait UIInterfaceOrientationLandscapeLeft UIInterfaceOrientationLandscapeRight";
				LD_RUNPATH_SEARCH_PATHS = (
					"$(inherited)",
					"@executable_path/Frameworks",
				);
				MARKETING_VERSION = 1.0;
				PRODUCT_BUNDLE_IDENTIFIER = "ahmed-elgndy.Ios-Resourses";
				PRODUCT_NAME = "$(TARGET_NAME)";
				SWIFT_EMIT_LOC_STRINGS = YES;
				SWIFT_VERSION = 5.0;
				TARGETED_DEVICE_FAMILY = "1,2";
			};
			name = Debug;
		};
		159BA2662DA7C78A00C4BDEB /* Release */ = {
			isa = XCBuildConfiguration;
			buildSettings = {
				ASSETCATALOG_COMPILER_APPICON_NAME = AppIcon;
				ASSETCATALOG_COMPILER_GLOBAL_ACCENT_COLOR_NAME = AccentColor;
				CODE_SIGN_STYLE = Automatic;
				CURRENT_PROJECT_VERSION = 1;
				DEVELOPMENT_TEAM = 88966CQ476;
				GENERATE_INFOPLIST_FILE = YES;
				INFOPLIST_FILE = "Ios Resourses/Info.plist";
				INFOPLIST_KEY_UIApplicationSupportsIndirectInputEvents = YES;
				INFOPLIST_KEY_UILaunchStoryboardName = LaunchScreen;
				INFOPLIST_KEY_UISupportedInterfaceOrientations_iPad = "UIInterfaceOrientationPortrait UIInterfaceOrientationPortraitUpsideDown UIInterfaceOrientationLandscapeLeft UIInterfaceOrientationLandscapeRight";
				INFOPLIST_KEY_UISupportedInterfaceOrientations_iPhone = "UIInterfaceOrientationPortrait UIInterfaceOrientationLandscapeLeft UIInterfaceOrientationLandscapeRight";
				LD_RUNPATH_SEARCH_PATHS = (
					"$(inherited)",
					"@executable_path/Frameworks",
				);
				MARKETING_VERSION = 1.0;
				PRODUCT_BUNDLE_IDENTIFIER = "ahmed-elgndy.Ios-Resourses";
				PRODUCT_NAME = "$(TARGET_NAME)";
				SWIFT_EMIT_LOC_STRINGS = YES;
				SWIFT_VERSION = 5.0;
				TARGETED_DEVICE_FAMILY = "1,2";
			};
			name = Release;
		};
/* End XCBuildConfiguration section */

/* Begin XCConfigurationList section */
		159BA24B2DA7C78800C4BDEB /* Build configuration list for PBXProject "Ios Resourses" */ = {
			isa = XCConfigurationList;
			buildConfigurations = (
				159BA2622DA7C78A00C4BDEB /* Debug */,
				159BA2632DA7C78A00C4BDEB /* Release */,
			);
			defaultConfigurationIsVisible = 0;
			defaultConfigurationName = Release;
		};
		159BA2642DA7C78A00C4BDEB /* Build configuration list for PBXNativeTarget "Ios Resourses" */ = {
			isa = XCConfigurationList;
			buildConfigurations = (
				159BA2652DA7C78A00C4BDEB /* Debug */,
				159BA2662DA7C78A00C4BDEB /* Release */,
			);
			defaultConfigurationIsVisible = 0;
			defaultConfigurationName = Release;
		};
/* End XCConfigurationList section */
	};
	rootObject = 159BA2482DA7C78800C4BDEB /* Project object */;
}
